
Microsoft Visual Studio Solution File, Format Version 12.00
# Visual Studio Version 17
VisualStudioVersion = 17.12.35707.178
MinimumVisualStudioVersion = 10.0.40219.1
Project("{FAE04EC0-301F-11D3-BF4B-00C04F79EFBC}") = "EventsCEC.Application", "src\EventsCEC.Application\EventsCEC.Application.csproj", "{D7F55E82-2B2F-4D52-BFE1-8E08D2ADA185}"
EndProject
Project("{2150E333-8FDC-42A3-9474-1A3956D46DE8}") = "src", "src", "{C9D2CA74-87EC-46B5-8B54-214363933567}"
EndProject
Project("{FAE04EC0-301F-11D3-BF4B-00C04F79EFBC}") = "EventsCEC.Domain", "src\EventsCEC.Domain\EventsCEC.Domain.csproj", "{23E79518-739A-4880-8B95-7CE51FAB2438}"
EndProject
Project("{FAE04EC0-301F-11D3-BF4B-00C04F79EFBC}") = "EventsCEC.Infra.IoC", "src\EventsCEC.Infra.IoC\EventsCEC.Infra.IoC.csproj", "{742AF61D-0A51-44B3-A161-08E98004504E}"
EndProject
Project("{FAE04EC0-301F-11D3-BF4B-00C04F79EFBC}") = "EventsCEC.App", "src\EventsCEC.App\EventsCEC.App.csproj", "{3DACA0F2-3F5C-4089-A0AA-0F0E564E4F66}"
EndProject
Project("{FAE04EC0-301F-11D3-BF4B-00C04F79EFBC}") = "EventsCEC.Infra.Data", "src\EventsCEC.Infra.Data\EventsCEC.Infra.Data.csproj", "{D130C152-52DD-42A9-8CA5-FA44101A73D6}"
EndProject
Global
	GlobalSection(SolutionConfigurationPlatforms) = preSolution
		Debug|Any CPU = Debug|Any CPU
		Release|Any CPU = Release|Any CPU
	EndGlobalSection
	GlobalSection(ProjectConfigurationPlatforms) = postSolution
		{D7F55E82-2B2F-4D52-BFE1-8E08D2ADA185}.Debug|Any CPU.ActiveCfg = Debug|Any CPU
		{D7F55E82-2B2F-4D52-BFE1-8E08D2ADA185}.Debug|Any CPU.Build.0 = Debug|Any CPU
		{D7F55E82-2B2F-4D52-BFE1-8E08D2ADA185}.Release|Any CPU.ActiveCfg = Release|Any CPU
		{D7F55E82-2B2F-4D52-BFE1-8E08D2ADA185}.Release|Any CPU.Build.0 = Release|Any CPU
		{23E79518-739A-4880-8B95-7CE51FAB2438}.Debug|Any CPU.ActiveCfg = Debug|Any CPU
		{23E79518-739A-4880-8B95-7CE51FAB2438}.Debug|Any CPU.Build.0 = Debug|Any CPU
		{23E79518-739A-4880-8B95-7CE51FAB2438}.Release|Any CPU.ActiveCfg = Release|Any CPU
		{23E79518-739A-4880-8B95-7CE51FAB2438}.Release|Any CPU.Build.0 = Release|Any CPU
		{742AF61D-0A51-44B3-A161-08E98004504E}.Debug|Any CPU.ActiveCfg = Debug|Any CPU
		{742AF61D-0A51-44B3-A161-08E98004504E}.Debug|Any CPU.Build.0 = Debug|Any CPU
		{742AF61D-0A51-44B3-A161-08E98004504E}.Release|Any CPU.ActiveCfg = Release|Any CPU
		{742AF61D-0A51-44B3-A161-08E98004504E}.Release|Any CPU.Build.0 = Release|Any CPU
		{3DACA0F2-3F5C-4089-A0AA-0F0E564E4F66}.Debug|Any CPU.ActiveCfg = Debug|Any CPU
		{3DACA0F2-3F5C-4089-A0AA-0F0E564E4F66}.Debug|Any CPU.Build.0 = Debug|Any CPU
		{3DACA0F2-3F5C-4089-A0AA-0F0E564E4F66}.Release|Any CPU.ActiveCfg = Release|Any CPU
		{3DACA0F2-3F5C-4089-A0AA-0F0E564E4F66}.Release|Any CPU.Build.0 = Release|Any CPU
		{D130C152-52DD-42A9-8CA5-FA44101A73D6}.Debug|Any CPU.ActiveCfg = Debug|Any CPU
		{D130C152-52DD-42A9-8CA5-FA44101A73D6}.Debug|Any CPU.Build.0 = Debug|Any CPU
		{D130C152-52DD-42A9-8CA5-FA44101A73D6}.Release|Any CPU.ActiveCfg = Release|Any CPU
		{D130C152-52DD-42A9-8CA5-FA44101A73D6}.Release|Any CPU.Build.0 = Release|Any CPU
	EndGlobalSection
	GlobalSection(SolutionProperties) = preSolution
		HideSolutionNode = FALSE
	EndGlobalSection
	GlobalSection(NestedProjects) = preSolution
		{D7F55E82-2B2F-4D52-BFE1-8E08D2ADA185} = {C9D2CA74-87EC-46B5-8B54-214363933567}
		{23E79518-739A-4880-8B95-7CE51FAB2438} = {C9D2CA74-87EC-46B5-8B54-214363933567}
		{742AF61D-0A51-44B3-A161-08E98004504E} = {C9D2CA74-87EC-46B5-8B54-214363933567}
		{3DACA0F2-3F5C-4089-A0AA-0F0E564E4F66} = {C9D2CA74-87EC-46B5-8B54-214363933567}
		{D130C152-52DD-42A9-8CA5-FA44101A73D6} = {C9D2CA74-87EC-46B5-8B54-214363933567}
	EndGlobalSection
EndGlobal
